// !$*UTF8*$!
{
	archiveVersion = 1;
	classes = {
	};
	objectVersion = 48;
	objects = {

/* Begin PBXBuildFile section */
		26D99A7D2047CBE500B7783A /* AppDelegate.swift in Sources */ = {isa = PBXBuildFile; fileRef = 26D99A7C2047CBE500B7783A /* AppDelegate.swift */; };
		26D99A7F2047CBE500B7783A /* ViewController.swift in Sources */ = {isa = PBXBuildFile; fileRef = 26D99A7E2047CBE500B7783A /* ViewController.swift */; };
		26D99A822047CBE500B7783A /* Main.storyboard in Resources */ = {isa = PBXBuildFile; fileRef = 26D99A802047CBE500B7783A /* Main.storyboard */; };
		26D99A842047CBE500B7783A /* Assets.xcassets in Resources */ = {isa = PBXBuildFile; fileRef = 26D99A832047CBE500B7783A /* Assets.xcassets */; };
		26D99A872047CBE500B7783A /* LaunchScreen.storyboard in Resources */ = {isa = PBXBuildFile; fileRef = 26D99A852047CBE500B7783A /* LaunchScreen.storyboard */; };
		26D99A922047CCDC00B7783A /* Common.swift in Sources */ = {isa = PBXBuildFile; fileRef = 26D99A912047CCDC00B7783A /* Common.swift */; };
		26D99A992047CD5900B7783A /* CustomCollect.swift in Sources */ = {isa = PBXBuildFile; fileRef = 26D99A982047CD5900B7783A /* CustomCollect.swift */; };
		26D99A9B2047CD7C00B7783A /* Color+Extension.swift in Sources */ = {isa = PBXBuildFile; fileRef = 26D99A9A2047CD7C00B7783A /* Color+Extension.swift */; };
		26D99A9D2047CD9800B7783A /* UIView+Extension.swift in Sources */ = {isa = PBXBuildFile; fileRef = 26D99A9C2047CD9800B7783A /* UIView+Extension.swift */; };
/* End PBXBuildFile section */

/* Begin PBXFileReference section */
		26D99A792047CBE500B7783A /* LeftAnimateColl.app */ = {isa = PBXFileReference; explicitFileType = wrapper.application; includeInIndex = 0; path = LeftAnimateColl.app; sourceTree = BUILT_PRODUCTS_DIR; };
		26D99A7C2047CBE500B7783A /* AppDelegate.swift */ = {isa = PBXFileReference; lastKnownFileType = sourcecode.swift; path = AppDelegate.swift; sourceTree = "<group>"; };
		26D99A7E2047CBE500B7783A /* ViewController.swift */ = {isa = PBXFileReference; lastKnownFileType = sourcecode.swift; path = ViewController.swift; sourceTree = "<group>"; };
		26D99A812047CBE500B7783A /* Base */ = {isa = PBXFileReference; lastKnownFileType = file.storyboard; name = Base; path = Base.lproj/Main.storyboard; sourceTree = "<group>"; };
		26D99A832047CBE500B7783A /* Assets.xcassets */ = {isa = PBXFileReference; lastKnownFileType = folder.assetcatalog; path = Assets.xcassets; sourceTree = "<group>"; };
		26D99A862047CBE500B7783A /* Base */ = {isa = PBXFileReference; lastKnownFileType = file.storyboard; name = Base; path = Base.lproj/LaunchScreen.storyboard; sourceTree = "<group>"; };
		26D99A882047CBE500B7783A /* Info.plist */ = {isa = PBXFileReference; lastKnownFileType = text.plist.xml; path = Info.plist; sourceTree = "<group>"; };
		26D99A912047CCDC00B7783A /* Common.swift */ = {isa = PBXFileReference; lastKnownFileType = sourcecode.swift; path = Common.swift; sourceTree = "<group>"; };
		26D99A982047CD5900B7783A /* CustomCollect.swift */ = {isa = PBXFileReference; fileEncoding = 4; lastKnownFileType = sourcecode.swift; path = CustomCollect.swift; sourceTree = "<group>"; };
		26D99A9A2047CD7C00B7783A /* Color+Extension.swift */ = {isa = PBXFileReference; fileEncoding = 4; lastKnownFileType = sourcecode.swift; path = "Color+Extension.swift"; sourceTree = "<group>"; };
		26D99A9C2047CD9800B7783A /* UIView+Extension.swift */ = {isa = PBXFileReference; fileEncoding = 4; lastKnownFileType = sourcecode.swift; path = "UIView+Extension.swift"; sourceTree = "<group>"; };
/* End PBXFileReference section */

/* Begin PBXFrameworksBuildPhase section */
		26D99A762047CBE500B7783A /* Frameworks */ = {
			isa = PBXFrameworksBuildPhase;
			buildActionMask = 2147483647;
			files = (
			);
			runOnlyForDeploymentPostprocessing = 0;
		};
/* End PBXFrameworksBuildPhase section */

/* Begin PBXGroup section */
		26D99A702047CBE500B7783A = {
			isa = PBXGroup;
			children = (
				26D99A7B2047CBE500B7783A /* LeftAnimateColl */,
				26D99A7A2047CBE500B7783A /* Products */,
			);
			sourceTree = "<group>";
		};
		26D99A7A2047CBE500B7783A /* Products */ = {
			isa = PBXGroup;
			children = (
				26D99A792047CBE500B7783A /* LeftAnimateColl.app */,
			);
			name = Products;
			sourceTree = "<group>";
		};
		26D99A7B2047CBE500B7783A /* LeftAnimateColl */ = {
			isa = PBXGroup;
			children = (
				26D99A962047CD5000B7783A /* Category */,
				26D99A972047CD5000B7783A /* Extension */,
				26D99A7C2047CBE500B7783A /* AppDelegate.swift */,
				26D99A7E2047CBE500B7783A /* ViewController.swift */,
				26D99A802047CBE500B7783A /* Main.storyboard */,
				26D99A832047CBE500B7783A /* Assets.xcassets */,
				26D99A852047CBE500B7783A /* LaunchScreen.storyboard */,
				26D99A882047CBE500B7783A /* Info.plist */,
				26D99A912047CCDC00B7783A /* Common.swift */,
			);
			path = LeftAnimateColl;
			sourceTree = "<group>";
		};
		26D99A962047CD5000B7783A /* Category */ = {
			isa = PBXGroup;
			children = (
				26D99A982047CD5900B7783A /* CustomCollect.swift */,
			);
			path = Category;
			sourceTree = SOURCE_ROOT;
		};
		26D99A972047CD5000B7783A /* Extension */ = {
			isa = PBXGroup;
			children = (
				26D99A9C2047CD9800B7783A /* UIView+Extension.swift */,
				26D99A9A2047CD7C00B7783A /* Color+Extension.swift */,
			);
			path = Extension;
			sourceTree = SOURCE_ROOT;
		};
/* End PBXGroup section */

/* Begin PBXNativeTarget section */
		26D99A782047CBE500B7783A /* LeftAnimateColl */ = {
			isa = PBXNativeTarget;
			buildConfigurationList = 26D99A8B2047CBE500B7783A /* Build configuration list for PBXNativeTarget "LeftAnimateColl" */;
			buildPhases = (
				26D99A752047CBE500B7783A /* Sources */,
				26D99A762047CBE500B7783A /* Frameworks */,
				26D99A772047CBE500B7783A /* Resources */,
			);
			buildRules = (
			);
			dependencies = (
			);
			name = LeftAnimateColl;
			productName = LeftAnimateColl;
			productReference = 26D99A792047CBE500B7783A /* LeftAnimateColl.app */;
			productType = "com.apple.product-type.application";
		};
/* End PBXNativeTarget section */

/* Begin PBXProject section */
		26D99A712047CBE500B7783A /* Project object */ = {
			isa = PBXProject;
			attributes = {
				LastSwiftUpdateCheck = 0920;
				LastUpgradeCheck = 0920;
				ORGANIZATIONNAME = "郑东喜";
				TargetAttributes = {
					26D99A782047CBE500B7783A = {
						CreatedOnToolsVersion = 9.2;
						ProvisioningStyle = Automatic;
					};
				};
			};
			buildConfigurationList = 26D99A742047CBE500B7783A /* Build configuration list for PBXProject "LeftAnimateColl" */;
			compatibilityVersion = "Xcode 8.0";
			developmentRegion = en;
			hasScannedForEncodings = 0;
			knownRegions = (
				en,
				Base,
			);
			mainGroup = 26D99A702047CBE500B7783A;
			productRefGroup = 26D99A7A2047CBE500B7783A /* Products */;
			projectDirPath = "";
			projectRoot = "";
			targets = (
				26D99A782047CBE500B7783A /* LeftAnimateColl */,
			);
		};
/* End PBXProject section */

/* Begin PBXResourcesBuildPhase section */
		26D99A772047CBE500B7783A /* Resources */ = {
			isa = PBXResourcesBuildPhase;
			buildActionMask = 2147483647;
			files = (
				26D99A872047CBE500B7783A /* LaunchScreen.storyboard in Resources */,
				26D99A842047CBE500B7783A /* Assets.xcassets in Resources */,
				26D99A822047CBE500B7783A /* Main.storyboard in Resources */,
			);
			runOnlyForDeploymentPostprocessing = 0;
		};
/* End PBXResourcesBuildPhase section */

/* Begin PBXSourcesBuildPhase section */
		26D99A752047CBE500B7783A /* Sources */ = {
			isa = PBXSourcesBuildPhase;
			buildActionMask = 2147483647;
			files = (
				26D99A9D2047CD9800B7783A /* UIView+Extension.swift in Sources */,
				26D99A922047CCDC00B7783A /* Common.swift in Sources */,
				26D99A9B2047CD7C00B7783A /* Color+Extension.swift in Sources */,
				26D99A7F2047CBE500B7783A /* ViewController.swift in Sources */,
				26D99A992047CD5900B7783A /* CustomCollect.swift in Sources */,
				26D99A7D2047CBE500B7783A /* AppDelegate.swift in Sources */,
			);
			runOnlyForDeploymentPostprocessing = 0;
		};
/* End PBXSourcesBuildPhase section */

/* Begin PBXVariantGroup section */
		26D99A802047CBE500B7783A /* Main.storyboard */ = {
			isa = PBXVariantGroup;
			children = (
				26D99A812047CBE500B7783A /* Base */,
			);
			name = Main.storyboard;
			sourceTree = "<group>";
		};
		26D99A852047CBE500B7783A /* LaunchScreen.storyboard */ = {
			isa = PBXVariantGroup;
			children = (
				26D99A862047CBE500B7783A /* Base */,
			);
			name = LaunchScreen.storyboard;
			sourceTree = "<group>";
		};
/* End PBXVariantGroup section */

/* Begin XCBuildConfiguration section */
		26D99A892047CBE500B7783A /* Debug */ = {
			isa = XCBuildConfiguration;
			buildSettings = {
				ALWAYS_SEARCH_USER_PATHS = NO;
				CLANG_ANALYZER_NONNULL = YES;
				CLANG_ANALYZER_NUMBER_OBJECT_CONVERSION = YES_AGGRESSIVE;
				CLANG_CXX_LANGUAGE_STANDARD = "gnu++14";
				CLANG_CXX_LIBRARY = "libc++";
				CLANG_ENABLE_MODULES = YES;
				CLANG_ENABLE_OBJC_ARC = YES;
				CLANG_WARN_BLOCK_CAPTURE_AUTORELEASING = YES;
				CLANG_WARN_BOOL_CONVERSION = YES;
				CLANG_WARN_COMMA = YES;
				CLANG_WARN_CONSTANT_CONVERSION = YES;
				CLANG_WARN_DIRECT_OBJC_ISA_USAGE = YES_ERROR;
				CLANG_WARN_DOCUMENTATION_COMMENTS = YES;
				CLANG_WARN_EMPTY_BODY = YES;
				CLANG_WARN_ENUM_CONVERSION = YES;
				CLANG_WARN_INFINITE_RECURSION = YES;
				CLANG_WARN_INT_CONVERSION = YES;
				CLANG_WARN_NON_LITERAL_NULL_CONVERSION = YES;
				CLANG_WARN_OBJC_LITERAL_CONVERSION = YES;
				CLANG_WARN_OBJC_ROOT_CLASS = YES_ERROR;
				CLANG_WARN_RANGE_LOOP_ANALYSIS = YES;
				CLANG_WARN_STRICT_PROTOTYPES = YES;
				CLANG_WARN_SUSPICIOUS_MOVE = YES;
				CLANG_WARN_UNGUARDED_AVAILABILITY = YES_AGGRESSIVE;
				CLANG_WARN_UNREACHABLE_CODE = YES;
				CLANG_WARN__DUPLICATE_METHOD_MATCH = YES;
				CODE_SIGN_IDENTITY = "iPhone Developer";
				COPY_PHASE_STRIP = NO;
				DEBUG_INFORMATION_FORMAT = dwarf;
				ENABLE_STRICT_OBJC_MSGSEND = YES;
				ENABLE_TESTABILITY = YES;
				GCC_C_LANGUAGE_STANDARD = gnu11;
				GCC_DYNAMIC_NO_PIC = NO;
				GCC_NO_COMMON_BLOCKS = YES;
				GCC_OPTIMIZATION_LEVEL = 0;
				GCC_PREPROCESSOR_DEFINITIONS = (
					"DEBUG=1",
					"$(inherited)",
				);
				GCC_WARN_64_TO_32_BIT_CONVERSION = YES;
				GCC_WARN_ABOUT_RETURN_TYPE = YES_ERROR;
				GCC_WARN_UNDECLARED_SELECTOR = YES;
				GCC_WARN_UNINITIALIZED_AUTOS = YES_AGGRESSIVE;
				GCC_WARN_UNUSED_FUNCTION = YES;
				GCC_WARN_UNUSED_VARIABLE = YES;
				IPHONEOS_DEPLOYMENT_TARGET = 11.2;
				MTL_ENABLE_DEBUG_INFO = YES;
				ONLY_ACTIVE_ARCH = YES;
				SDKROOT = iphoneos;
				SWIFT_ACTIVE_COMPILATION_CONDITIONS = DEBUG;
				SWIFT_OPTIMIZATION_LEVEL = "-Onone";
			};
			name = Debug;
		};
		26D99A8A2047CBE500B7783A /* Release */ = {
			isa = XCBuildConfiguration;
			buildSettings = {
				ALWAYS_SEARCH_USER_PATHS = NO;
				CLANG_ANALYZER_NONNULL = YES;
				CLANG_ANALYZER_NUMBER_OBJECT_CONVERSION = YES_AGGRESSIVE;
				CLANG_CXX_LANGUAGE_STANDARD = "gnu++14";
				CLANG_CXX_LIBRARY = "libc++";
				CLANG_ENABLE_MODULES = YES;
				CLANG_ENABLE_OBJC_ARC = YES;
				CLANG_WARN_BLOCK_CAPTURE_AUTORELEASING = YES;
				CLANG_WARN_BOOL_CONVERSION = YES;
				CLANG_WARN_COMMA = YES;
				CLANG_WARN_CONSTANT_CONVERSION = YES;
				CLANG_WARN_DIRECT_OBJC_ISA_USAGE = YES_ERROR;
				CLANG_WARN_DOCUMENTATION_COMMENTS = YES;
				CLANG_WARN_EMPTY_BODY = YES;
				CLANG_WARN_ENUM_CONVERSION = YES;
				CLANG_WARN_INFINITE_RECURSION = YES;
				CLANG_WARN_INT_CONVERSION = YES;
				CLANG_WARN_NON_LITERAL_NULL_CONVERSION = YES;
				CLANG_WARN_OBJC_LITERAL_CONVERSION = YES;
				CLANG_WARN_OBJC_ROOT_CLASS = YES_ERROR;
				CLANG_WARN_RANGE_LOOP_ANALYSIS = YES;
				CLANG_WARN_STRICT_PROTOTYPES = YES;
				CLANG_WARN_SUSPICIOUS_MOVE = YES;
				CLANG_WARN_UNGUARDED_AVAILABILITY = YES_AGGRESSIVE;
				CLANG_WARN_UNREACHABLE_CODE = YES;
				CLANG_WARN__DUPLICATE_METHOD_MATCH = YES;
				CODE_SIGN_IDENTITY = "iPhone Developer";
				COPY_PHASE_STRIP = NO;
				DEBUG_INFORMATION_FORMAT = "dwarf-with-dsym";
				ENABLE_NS_ASSERTIONS = NO;
				ENABLE_STRICT_OBJC_MSGSEND = YES;
				GCC_C_LANGUAGE_STANDARD = gnu11;
				GCC_NO_COMMON_BLOCKS = YES;
				GCC_WARN_64_TO_32_BIT_CONVERSION = YES;
				GCC_WARN_ABOUT_RETURN_TYPE = YES_ERROR;
				GCC_WARN_UNDECLARED_SELECTOR = YES;
				GCC_WARN_UNINITIALIZED_AUTOS = YES_AGGRESSIVE;
				GCC_WARN_UNUSED_FUNCTION = YES;
				GCC_WARN_UNUSED_VARIABLE = YES;
				IPHONEOS_DEPLOYMENT_TARGET = 11.2;
				MTL_ENABLE_DEBUG_INFO = NO;
				SDKROOT = iphoneos;
				SWIFT_OPTIMIZATION_LEVEL = "-Owholemodule";
				VALIDATE_PRODUCT = YES;
			};
			name = Release;
		};
		26D99A8C2047CBE500B7783A /* Debug */ = {
			isa = XCBuildConfiguration;
			buildSettings = {
				ASSETCATALOG_COMPILER_APPICON_NAME = AppIcon;
				CODE_SIGN_STYLE = Automatic;
				DEVELOPMENT_TEAM = 64S597X3R9;
				INFOPLIST_FILE = LeftAnimateColl/Info.plist;
				IPHONEOS_DEPLOYMENT_TARGET = 8.0;
				LD_RUNPATH_SEARCH_PATHS = "$(inherited) @executable_path/Frameworks";
				PRODUCT_BUNDLE_IDENTIFIER = com.zdx.LeftAnimateColl;
				PRODUCT_NAME = "$(TARGET_NAME)";
				SWIFT_VERSION = 4.0;
				TARGETED_DEVICE_FAMILY = "1,2";
			};
			name = Debug;
		};
		26D99A8D2047CBE500B7783A /* Release */ = {
			isa = XCBuildConfiguration;
			buildSettings = {
				ASSETCATALOG_COMPILER_APPICON_NAME = AppIcon;
				CODE_SIGN_STYLE = Automatic;
				DEVELOPMENT_TEAM = 64S597X3R9;
				INFOPLIST_FILE = LeftAnimateColl/Info.plist;
				IPHONEOS_DEPLOYMENT_TARGET = 8.0;
				LD_RUNPATH_SEARCH_PATHS = "$(inherited) @executable_path/Frameworks";
				PRODUCT_BUNDLE_IDENTIFIER = com.zdx.LeftAnimateColl;
				PRODUCT_NAME = "$(TARGET_NAME)";
				SWIFT_VERSION = 4.0;
				TARGETED_DEVICE_FAMILY = "1,2";
			};
			name = Release;
		};
/* End XCBuildConfiguration section */

/* Begin XCConfigurationList section */
		26D99A742047CBE500B7783A /* Build configuration list for PBXProject "LeftAnimateColl" */ = {
			isa = XCConfigurationList;
			buildConfigurations = (
				26D99A892047CBE500B7783A /* Debug */,
				26D99A8A2047CBE500B7783A /* Release */,
			);
			defaultConfigurationIsVisible = 0;
			defaultConfigurationName = Release;
		};
		26D99A8B2047CBE500B7783A /* Build configuration list for PBXNativeTarget "LeftAnimateColl" */ = {
			isa = XCConfigurationList;
			buildConfigurations = (
				26D99A8C2047CBE500B7783A /* Debug */,
				26D99A8D2047CBE500B7783A /* Release */,
			);
			defaultConfigurationIsVisible = 0;
			defaultConfigurationName = Release;
		};
/* End XCConfigurationList section */
	};
	rootObject = 26D99A712047CBE500B7783A /* Project object */;
}
